
Microsoft Visual Studio Solution File, Format Version 12.00
# Visual Studio Version 17
VisualStudioVersion = 17.8.34525.116
MinimumVisualStudioVersion = 10.0.40219.1
Project("{FAE04EC0-301F-11D3-BF4B-00C04F79EFBC}") = "lab06(maybe)", "lab06(maybe)\lab06(maybe).csproj", "{8612E680-9578-44BF-97D2-06B36482B261}"
EndProject
Global
	GlobalSection(SolutionConfigurationPlatforms) = preSolution
		Debug|Any CPU = Debug|Any CPU
		Release|Any CPU = Release|Any CPU
	EndGlobalSection
	GlobalSection(ProjectConfigurationPlatforms) = postSolution
		{8612E680-9578-44BF-97D2-06B36482B261}.Debug|Any CPU.ActiveCfg = Debug|Any CPU
		{8612E680-9578-44BF-97D2-06B36482B261}.Debug|Any CPU.Build.0 = Debug|Any CPU
		{8612E680-9578-44BF-97D2-06B36482B261}.Release|Any CPU.ActiveCfg = Release|Any CPU
		{8612E680-9578-44BF-97D2-06B36482B261}.Release|Any CPU.Build.0 = Release|Any CPU
	EndGlobalSection
	GlobalSection(SolutionProperties) = preSolution
		HideSolutionNode = FALSE
	EndGlobalSection
	GlobalSection(ExtensibilityGlobals) = postSolution
		SolutionGuid = {521F8260-0C9B-44ED-BF3E-2B0DFEF69061}
	EndGlobalSection
EndGlobal
